
Microsoft Visual Studio Solution File, Format Version 12.00
# Visual Studio Version 17
VisualStudioVersion = 17.3.32929.385
MinimumVisualStudioVersion = 10.0.40219.1
Project("{9A19103F-16F7-4668-BE54-9A1E7A4F7556}") = "Soufieb.Webapp", "Soufieb.Webapp.csproj", "{9DC1CE7A-C676-410F-BE18-D90F4810A2FE}"
EndProject
Global
	GlobalSection(SolutionConfigurationPlatforms) = preSolution
		Debug|Any CPU = Debug|Any CPU
		Release|Any CPU = Release|Any CPU
	EndGlobalSection
	GlobalSection(ProjectConfigurationPlatforms) = postSolution
		{9DC1CE7A-C676-410F-BE18-D90F4810A2FE}.Debug|Any CPU.ActiveCfg = Debug|Any CPU
		{9DC1CE7A-C676-410F-BE18-D90F4810A2FE}.Debug|Any CPU.Build.0 = Debug|Any CPU
		{9DC1CE7A-C676-410F-BE18-D90F4810A2FE}.Release|Any CPU.ActiveCfg = Release|Any CPU
		{9DC1CE7A-C676-410F-BE18-D90F4810A2FE}.Release|Any CPU.Build.0 = Release|Any CPU
	EndGlobalSection
	GlobalSection(SolutionProperties) = preSolution
		HideSolutionNode = FALSE
	EndGlobalSection
	GlobalSection(ExtensibilityGlobals) = postSolution
		SolutionGuid = {F9C714D4-C11B-4BD1-BA97-42438EDFA0C8}
	EndGlobalSection
EndGlobal
